
Microsoft Visual Studio Solution File, Format Version 12.00
# Visual Studio 15
VisualStudioVersion = 15.0.27703.2035
MinimumVisualStudioVersion = 10.0.40219.1
Project("{FAE04EC0-301F-11D3-BF4B-00C04F79EFBC}") = "CadastroDeClientes", "CadastroDeClientes\CadastroDeClientes.csproj", "{236576C0-3B9D-49CF-8622-01C3EB50F934}"
EndProject
Project("{FAE04EC0-301F-11D3-BF4B-00C04F79EFBC}") = "CadastroDeClientesTests", "CadastroDeClientesTests\CadastroDeClientesTests.csproj", "{C5FF2CD8-BF55-4E8A-A92B-83C67B686DB2}"
EndProject
Global
	GlobalSection(SolutionConfigurationPlatforms) = preSolution
		Debug|Any CPU = Debug|Any CPU
		Release|Any CPU = Release|Any CPU
	EndGlobalSection
	GlobalSection(ProjectConfigurationPlatforms) = postSolution
		{236576C0-3B9D-49CF-8622-01C3EB50F934}.Debug|Any CPU.ActiveCfg = Debug|Any CPU
		{236576C0-3B9D-49CF-8622-01C3EB50F934}.Debug|Any CPU.Build.0 = Debug|Any CPU
		{236576C0-3B9D-49CF-8622-01C3EB50F934}.Release|Any CPU.ActiveCfg = Release|Any CPU
		{236576C0-3B9D-49CF-8622-01C3EB50F934}.Release|Any CPU.Build.0 = Release|Any CPU
		{C5FF2CD8-BF55-4E8A-A92B-83C67B686DB2}.Debug|Any CPU.ActiveCfg = Debug|Any CPU
		{C5FF2CD8-BF55-4E8A-A92B-83C67B686DB2}.Debug|Any CPU.Build.0 = Debug|Any CPU
		{C5FF2CD8-BF55-4E8A-A92B-83C67B686DB2}.Release|Any CPU.ActiveCfg = Release|Any CPU
		{C5FF2CD8-BF55-4E8A-A92B-83C67B686DB2}.Release|Any CPU.Build.0 = Release|Any CPU
	EndGlobalSection
	GlobalSection(SolutionProperties) = preSolution
		HideSolutionNode = FALSE
	EndGlobalSection
	GlobalSection(ExtensibilityGlobals) = postSolution
		SolutionGuid = {20EC9898-08E0-48D2-BE6E-9A7D0419F4A2}
	EndGlobalSection
EndGlobal
